{
  "nodes": {
    "nixpkgs": {
      "info": {
        "lastModified": 1590145467,
        "narHash": "sha256-Ccn3AgKMU8FRz1roFxaaU9leq/nIckLSy87zd3qD+wg="
      },
      "locked": {
        "owner": "NixOS",
        "repo": "nixpkgs",
        "rev": "9404c8ee74ebaf36fbd5a1dbb2fe1e7950424586",
        "type": "github"
      },
      "original": {
        "id": "nixpkgs",
        "type": "indirect"
      }
    },
    "root": {
      "inputs": {
        "nixpkgs": "nixpkgs",
        "utils": "utils"
      }
    },
    "utils": {
      "info": {
        "lastModified": 1588452686,
        "narHash": "sha256-IVzQPDjRt4hCJpSl9i14AUP/fG/Y+7UAr+HrGFSs864="
      },
      "locked": {
        "owner": "numtide",
        "repo": "flake-utils",
        "rev": "18a33a4d4410bf4386572b4ef7296b5786ec2fa9",
        "type": "github"
      },
      "original": {
        "owner": "numtide",
        "repo": "flake-utils",
        "type": "github"
      }
    }
  },
  "root": "root",
  "version": 5
}
